
Microsoft Visual Studio Solution File, Format Version 12.00
# Visual Studio Version 16
VisualStudioVersion = 16.0.29009.5
MinimumVisualStudioVersion = 10.0.40219.1
Project("{FAE04EC0-301F-11D3-BF4B-00C04F79EFBC}") = "RestaurantRater", "RestaurantRater\RestaurantRater.csproj", "{CABD448C-8B8F-45DD-A400-3110740E4F66}"
EndProject
Global
	GlobalSection(SolutionConfigurationPlatforms) = preSolution
		Debug|Any CPU = Debug|Any CPU
		Release|Any CPU = Release|Any CPU
	EndGlobalSection
	GlobalSection(ProjectConfigurationPlatforms) = postSolution
		{CABD448C-8B8F-45DD-A400-3110740E4F66}.Debug|Any CPU.ActiveCfg = Debug|Any CPU
		{CABD448C-8B8F-45DD-A400-3110740E4F66}.Debug|Any CPU.Build.0 = Debug|Any CPU
		{CABD448C-8B8F-45DD-A400-3110740E4F66}.Release|Any CPU.ActiveCfg = Release|Any CPU
		{CABD448C-8B8F-45DD-A400-3110740E4F66}.Release|Any CPU.Build.0 = Release|Any CPU
	EndGlobalSection
	GlobalSection(SolutionProperties) = preSolution
		HideSolutionNode = FALSE
	EndGlobalSection
	GlobalSection(ExtensibilityGlobals) = postSolution
		SolutionGuid = {0FC8E522-6EB2-4095-8291-32EBE484BA3E}
	EndGlobalSection
EndGlobal
